// !$*UTF8*$!
{
	archiveVersion = 1;
	classes = {
	};
	objectVersion = 56;
	objects = {

/* Begin PBXBuildFile section */
		1BBFD21929E46E9B00BBEE5F /* AppDelegate.swift in Sources */ = {isa = PBXBuildFile; fileRef = 1BBFD21829E46E9B00BBEE5F /* AppDelegate.swift */; };
		1BBFD21B29E46E9B00BBEE5F /* SceneDelegate.swift in Sources */ = {isa = PBXBuildFile; fileRef = 1BBFD21A29E46E9B00BBEE5F /* SceneDelegate.swift */; };
		1BBFD21D29E46E9B00BBEE5F /* HomeViewController.swift in Sources */ = {isa = PBXBuildFile; fileRef = 1BBFD21C29E46E9B00BBEE5F /* HomeViewController.swift */; };
		1BBFD22229E46E9C00BBEE5F /* Assets.xcassets in Resources */ = {isa = PBXBuildFile; fileRef = 1BBFD22129E46E9C00BBEE5F /* Assets.xcassets */; };
		1BBFD22529E46E9C00BBEE5F /* LaunchScreen.storyboard in Resources */ = {isa = PBXBuildFile; fileRef = 1BBFD22329E46E9C00BBEE5F /* LaunchScreen.storyboard */; };
		1BBFD23329E483E700BBEE5F /* TabBarViewController.swift in Sources */ = {isa = PBXBuildFile; fileRef = 1BBFD23229E483E700BBEE5F /* TabBarViewController.swift */; };
		1BBFD23529E4846E00BBEE5F /* SearchViewController.swift in Sources */ = {isa = PBXBuildFile; fileRef = 1BBFD23429E4846E00BBEE5F /* SearchViewController.swift */; };
		1BBFD23729E484B200BBEE5F /* LibraryViewController.swift in Sources */ = {isa = PBXBuildFile; fileRef = 1BBFD23629E484B100BBEE5F /* LibraryViewController.swift */; };
		1BBFD23B29E4853100BBEE5F /* AuthViewController.swift in Sources */ = {isa = PBXBuildFile; fileRef = 1BBFD23A29E4853100BBEE5F /* AuthViewController.swift */; };
		1BBFD23D29E4855C00BBEE5F /* WelcomeViewController.swift in Sources */ = {isa = PBXBuildFile; fileRef = 1BBFD23C29E4855C00BBEE5F /* WelcomeViewController.swift */; };
		1BBFD23F29E4858700BBEE5F /* SettingsViewController.swift in Sources */ = {isa = PBXBuildFile; fileRef = 1BBFD23E29E4858700BBEE5F /* SettingsViewController.swift */; };
		1BBFD24129E485A900BBEE5F /* ProfileViewController.swift in Sources */ = {isa = PBXBuildFile; fileRef = 1BBFD24029E485A900BBEE5F /* ProfileViewController.swift */; };
		1BBFD24329E485CF00BBEE5F /* PlayerViewController.swift in Sources */ = {isa = PBXBuildFile; fileRef = 1BBFD24229E485CF00BBEE5F /* PlayerViewController.swift */; };
		1BBFD24529E485FC00BBEE5F /* PlaylistViewController.swift in Sources */ = {isa = PBXBuildFile; fileRef = 1BBFD24429E485FC00BBEE5F /* PlaylistViewController.swift */; };
		1BBFD24929E4867300BBEE5F /* AuthManager.swift in Sources */ = {isa = PBXBuildFile; fileRef = 1BBFD24829E4867300BBEE5F /* AuthManager.swift */; };
		1BBFD24B29E4869900BBEE5F /* APICaller.swift in Sources */ = {isa = PBXBuildFile; fileRef = 1BBFD24A29E4869900BBEE5F /* APICaller.swift */; };
		1BBFD24D29E4877300BBEE5F /* Playlist.swift in Sources */ = {isa = PBXBuildFile; fileRef = 1BBFD24C29E4877300BBEE5F /* Playlist.swift */; };
		1BBFD24F29E4879300BBEE5F /* AudioTrack.swift in Sources */ = {isa = PBXBuildFile; fileRef = 1BBFD24E29E4879300BBEE5F /* AudioTrack.swift */; };
		1BBFD25129E487B600BBEE5F /* Artist.swift in Sources */ = {isa = PBXBuildFile; fileRef = 1BBFD25029E487B600BBEE5F /* Artist.swift */; };
		1BBFD25329E487D700BBEE5F /* UserProfile.swift in Sources */ = {isa = PBXBuildFile; fileRef = 1BBFD25229E487D700BBEE5F /* UserProfile.swift */; };
/* End PBXBuildFile section */

/* Begin PBXFileReference section */
		1BBFD21529E46E9B00BBEE5F /* Spotify.app */ = {isa = PBXFileReference; explicitFileType = wrapper.application; includeInIndex = 0; path = Spotify.app; sourceTree = BUILT_PRODUCTS_DIR; };
		1BBFD21829E46E9B00BBEE5F /* AppDelegate.swift */ = {isa = PBXFileReference; lastKnownFileType = sourcecode.swift; path = AppDelegate.swift; sourceTree = "<group>"; };
		1BBFD21A29E46E9B00BBEE5F /* SceneDelegate.swift */ = {isa = PBXFileReference; lastKnownFileType = sourcecode.swift; path = SceneDelegate.swift; sourceTree = "<group>"; };
		1BBFD21C29E46E9B00BBEE5F /* HomeViewController.swift */ = {isa = PBXFileReference; lastKnownFileType = sourcecode.swift; path = HomeViewController.swift; sourceTree = "<group>"; };
		1BBFD22129E46E9C00BBEE5F /* Assets.xcassets */ = {isa = PBXFileReference; lastKnownFileType = folder.assetcatalog; path = Assets.xcassets; sourceTree = "<group>"; };
		1BBFD22429E46E9C00BBEE5F /* Base */ = {isa = PBXFileReference; lastKnownFileType = file.storyboard; name = Base; path = Base.lproj/LaunchScreen.storyboard; sourceTree = "<group>"; };
		1BBFD22629E46E9C00BBEE5F /* Info.plist */ = {isa = PBXFileReference; lastKnownFileType = text.plist.xml; path = Info.plist; sourceTree = "<group>"; };
		1BBFD23229E483E700BBEE5F /* TabBarViewController.swift */ = {isa = PBXFileReference; lastKnownFileType = sourcecode.swift; path = TabBarViewController.swift; sourceTree = "<group>"; };
		1BBFD23429E4846E00BBEE5F /* SearchViewController.swift */ = {isa = PBXFileReference; lastKnownFileType = sourcecode.swift; path = SearchViewController.swift; sourceTree = "<group>"; };
		1BBFD23629E484B100BBEE5F /* LibraryViewController.swift */ = {isa = PBXFileReference; lastKnownFileType = sourcecode.swift; path = LibraryViewController.swift; sourceTree = "<group>"; };
		1BBFD23A29E4853100BBEE5F /* AuthViewController.swift */ = {isa = PBXFileReference; lastKnownFileType = sourcecode.swift; path = AuthViewController.swift; sourceTree = "<group>"; };
		1BBFD23C29E4855C00BBEE5F /* WelcomeViewController.swift */ = {isa = PBXFileReference; lastKnownFileType = sourcecode.swift; path = WelcomeViewController.swift; sourceTree = "<group>"; };
		1BBFD23E29E4858700BBEE5F /* SettingsViewController.swift */ = {isa = PBXFileReference; lastKnownFileType = sourcecode.swift; path = SettingsViewController.swift; sourceTree = "<group>"; };
		1BBFD24029E485A900BBEE5F /* ProfileViewController.swift */ = {isa = PBXFileReference; lastKnownFileType = sourcecode.swift; path = ProfileViewController.swift; sourceTree = "<group>"; };
		1BBFD24229E485CF00BBEE5F /* PlayerViewController.swift */ = {isa = PBXFileReference; lastKnownFileType = sourcecode.swift; path = PlayerViewController.swift; sourceTree = "<group>"; };
		1BBFD24429E485FC00BBEE5F /* PlaylistViewController.swift */ = {isa = PBXFileReference; lastKnownFileType = sourcecode.swift; path = PlaylistViewController.swift; sourceTree = "<group>"; };
		1BBFD24829E4867300BBEE5F /* AuthManager.swift */ = {isa = PBXFileReference; lastKnownFileType = sourcecode.swift; path = AuthManager.swift; sourceTree = "<group>"; };
		1BBFD24A29E4869900BBEE5F /* APICaller.swift */ = {isa = PBXFileReference; lastKnownFileType = sourcecode.swift; path = APICaller.swift; sourceTree = "<group>"; };
		1BBFD24C29E4877300BBEE5F /* Playlist.swift */ = {isa = PBXFileReference; lastKnownFileType = sourcecode.swift; path = Playlist.swift; sourceTree = "<group>"; };
		1BBFD24E29E4879300BBEE5F /* AudioTrack.swift */ = {isa = PBXFileReference; lastKnownFileType = sourcecode.swift; path = AudioTrack.swift; sourceTree = "<group>"; };
		1BBFD25029E487B600BBEE5F /* Artist.swift */ = {isa = PBXFileReference; lastKnownFileType = sourcecode.swift; path = Artist.swift; sourceTree = "<group>"; };
		1BBFD25229E487D700BBEE5F /* UserProfile.swift */ = {isa = PBXFileReference; lastKnownFileType = sourcecode.swift; path = UserProfile.swift; sourceTree = "<group>"; };
/* End PBXFileReference section */

/* Begin PBXFrameworksBuildPhase section */
		1BBFD21229E46E9B00BBEE5F /* Frameworks */ = {
			isa = PBXFrameworksBuildPhase;
			buildActionMask = 2147483647;
			files = (
			);
			runOnlyForDeploymentPostprocessing = 0;
		};
/* End PBXFrameworksBuildPhase section */

/* Begin PBXGroup section */
		1BBFD20C29E46E9B00BBEE5F = {
			isa = PBXGroup;
			children = (
				1BBFD21729E46E9B00BBEE5F /* Spotify */,
				1BBFD21629E46E9B00BBEE5F /* Products */,
			);
			sourceTree = "<group>";
		};
		1BBFD21629E46E9B00BBEE5F /* Products */ = {
			isa = PBXGroup;
			children = (
				1BBFD21529E46E9B00BBEE5F /* Spotify.app */,
			);
			name = Products;
			sourceTree = "<group>";
		};
		1BBFD21729E46E9B00BBEE5F /* Spotify */ = {
			isa = PBXGroup;
			children = (
				1BBFD23129E46F9E00BBEE5F /* Resources */,
				1BBFD23029E46F7D00BBEE5F /* Managers */,
				1BBFD22F29E46F6000BBEE5F /* ViewModels */,
				1BBFD22E29E46F0300BBEE5F /* Models */,
				1BBFD22D29E46EFA00BBEE5F /* Views */,
				1BBFD22C29E46EE600BBEE5F /* Controllers */,
				1BBFD22629E46E9C00BBEE5F /* Info.plist */,
			);
			path = Spotify;
			sourceTree = "<group>";
		};
		1BBFD22C29E46EE600BBEE5F /* Controllers */ = {
			isa = PBXGroup;
			children = (
				1BBFD23929E484FA00BBEE5F /* Other */,
				1BBFD23829E484DD00BBEE5F /* Core */,
			);
			path = Controllers;
			sourceTree = "<group>";
		};
		1BBFD22D29E46EFA00BBEE5F /* Views */ = {
			isa = PBXGroup;
			children = (
				1BBFD22329E46E9C00BBEE5F /* LaunchScreen.storyboard */,
			);
			path = Views;
			sourceTree = "<group>";
		};
		1BBFD22E29E46F0300BBEE5F /* Models */ = {
			isa = PBXGroup;
			children = (
				1BBFD24C29E4877300BBEE5F /* Playlist.swift */,
				1BBFD24E29E4879300BBEE5F /* AudioTrack.swift */,
				1BBFD25029E487B600BBEE5F /* Artist.swift */,
				1BBFD25229E487D700BBEE5F /* UserProfile.swift */,
			);
			path = Models;
			sourceTree = "<group>";
		};
		1BBFD22F29E46F6000BBEE5F /* ViewModels */ = {
			isa = PBXGroup;
			children = (
			);
			path = ViewModels;
			sourceTree = "<group>";
		};
		1BBFD23029E46F7D00BBEE5F /* Managers */ = {
			isa = PBXGroup;
			children = (
				1BBFD24829E4867300BBEE5F /* AuthManager.swift */,
				1BBFD24A29E4869900BBEE5F /* APICaller.swift */,
			);
			path = Managers;
			sourceTree = "<group>";
		};
		1BBFD23129E46F9E00BBEE5F /* Resources */ = {
			isa = PBXGroup;
			children = (
				1BBFD22129E46E9C00BBEE5F /* Assets.xcassets */,
				1BBFD21829E46E9B00BBEE5F /* AppDelegate.swift */,
				1BBFD21A29E46E9B00BBEE5F /* SceneDelegate.swift */,
			);
			path = Resources;
			sourceTree = "<group>";
		};
		1BBFD23829E484DD00BBEE5F /* Core */ = {
			isa = PBXGroup;
			children = (
				1BBFD21C29E46E9B00BBEE5F /* HomeViewController.swift */,
				1BBFD23229E483E700BBEE5F /* TabBarViewController.swift */,
				1BBFD23429E4846E00BBEE5F /* SearchViewController.swift */,
				1BBFD23629E484B100BBEE5F /* LibraryViewController.swift */,
			);
			path = Core;
			sourceTree = "<group>";
		};
		1BBFD23929E484FA00BBEE5F /* Other */ = {
			isa = PBXGroup;
			children = (
				1BBFD23A29E4853100BBEE5F /* AuthViewController.swift */,
				1BBFD23C29E4855C00BBEE5F /* WelcomeViewController.swift */,
				1BBFD23E29E4858700BBEE5F /* SettingsViewController.swift */,
				1BBFD24029E485A900BBEE5F /* ProfileViewController.swift */,
				1BBFD24229E485CF00BBEE5F /* PlayerViewController.swift */,
				1BBFD24429E485FC00BBEE5F /* PlaylistViewController.swift */,
			);
			path = Other;
			sourceTree = "<group>";
		};
/* End PBXGroup section */

/* Begin PBXNativeTarget section */
		1BBFD21429E46E9B00BBEE5F /* Spotify */ = {
			isa = PBXNativeTarget;
			buildConfigurationList = 1BBFD22929E46E9C00BBEE5F /* Build configuration list for PBXNativeTarget "Spotify" */;
			buildPhases = (
				1BBFD21129E46E9B00BBEE5F /* Sources */,
				1BBFD21229E46E9B00BBEE5F /* Frameworks */,
				1BBFD21329E46E9B00BBEE5F /* Resources */,
			);
			buildRules = (
			);
			dependencies = (
			);
			name = Spotify;
			productName = Spotify;
			productReference = 1BBFD21529E46E9B00BBEE5F /* Spotify.app */;
			productType = "com.apple.product-type.application";
		};
/* End PBXNativeTarget section */

/* Begin PBXProject section */
		1BBFD20D29E46E9B00BBEE5F /* Project object */ = {
			isa = PBXProject;
			attributes = {
				BuildIndependentTargetsInParallel = 1;
				LastSwiftUpdateCheck = 1420;
				LastUpgradeCheck = 1420;
				TargetAttributes = {
					1BBFD21429E46E9B00BBEE5F = {
						CreatedOnToolsVersion = 14.2;
					};
				};
			};
			buildConfigurationList = 1BBFD21029E46E9B00BBEE5F /* Build configuration list for PBXProject "Spotify" */;
			compatibilityVersion = "Xcode 14.0";
			developmentRegion = en;
			hasScannedForEncodings = 0;
			knownRegions = (
				en,
				Base,
			);
			mainGroup = 1BBFD20C29E46E9B00BBEE5F;
			productRefGroup = 1BBFD21629E46E9B00BBEE5F /* Products */;
			projectDirPath = "";
			projectRoot = "";
			targets = (
				1BBFD21429E46E9B00BBEE5F /* Spotify */,
			);
		};
/* End PBXProject section */

/* Begin PBXResourcesBuildPhase section */
		1BBFD21329E46E9B00BBEE5F /* Resources */ = {
			isa = PBXResourcesBuildPhase;
			buildActionMask = 2147483647;
			files = (
				1BBFD22529E46E9C00BBEE5F /* LaunchScreen.storyboard in Resources */,
				1BBFD22229E46E9C00BBEE5F /* Assets.xcassets in Resources */,
			);
			runOnlyForDeploymentPostprocessing = 0;
		};
/* End PBXResourcesBuildPhase section */

/* Begin PBXSourcesBuildPhase section */
		1BBFD21129E46E9B00BBEE5F /* Sources */ = {
			isa = PBXSourcesBuildPhase;
			buildActionMask = 2147483647;
			files = (
				1BBFD23529E4846E00BBEE5F /* SearchViewController.swift in Sources */,
				1BBFD24929E4867300BBEE5F /* AuthManager.swift in Sources */,
				1BBFD23D29E4855C00BBEE5F /* WelcomeViewController.swift in Sources */,
				1BBFD24129E485A900BBEE5F /* ProfileViewController.swift in Sources */,
				1BBFD23329E483E700BBEE5F /* TabBarViewController.swift in Sources */,
				1BBFD21D29E46E9B00BBEE5F /* HomeViewController.swift in Sources */,
				1BBFD23B29E4853100BBEE5F /* AuthViewController.swift in Sources */,
				1BBFD24F29E4879300BBEE5F /* AudioTrack.swift in Sources */,
				1BBFD21929E46E9B00BBEE5F /* AppDelegate.swift in Sources */,
				1BBFD23729E484B200BBEE5F /* LibraryViewController.swift in Sources */,
				1BBFD24529E485FC00BBEE5F /* PlaylistViewController.swift in Sources */,
				1BBFD25129E487B600BBEE5F /* Artist.swift in Sources */,
				1BBFD24D29E4877300BBEE5F /* Playlist.swift in Sources */,
				1BBFD25329E487D700BBEE5F /* UserProfile.swift in Sources */,
				1BBFD21B29E46E9B00BBEE5F /* SceneDelegate.swift in Sources */,
				1BBFD24329E485CF00BBEE5F /* PlayerViewController.swift in Sources */,
				1BBFD24B29E4869900BBEE5F /* APICaller.swift in Sources */,
				1BBFD23F29E4858700BBEE5F /* SettingsViewController.swift in Sources */,
			);
			runOnlyForDeploymentPostprocessing = 0;
		};
/* End PBXSourcesBuildPhase section */

/* Begin PBXVariantGroup section */
		1BBFD22329E46E9C00BBEE5F /* LaunchScreen.storyboard */ = {
			isa = PBXVariantGroup;
			children = (
				1BBFD22429E46E9C00BBEE5F /* Base */,
			);
			name = LaunchScreen.storyboard;
			sourceTree = "<group>";
		};
/* End PBXVariantGroup section */

/* Begin XCBuildConfiguration section */
		1BBFD22729E46E9C00BBEE5F /* Debug */ = {
			isa = XCBuildConfiguration;
			buildSettings = {
				ALWAYS_SEARCH_USER_PATHS = NO;
				CLANG_ANALYZER_NONNULL = YES;
				CLANG_ANALYZER_NUMBER_OBJECT_CONVERSION = YES_AGGRESSIVE;
				CLANG_CXX_LANGUAGE_STANDARD = "gnu++20";
				CLANG_ENABLE_MODULES = YES;
				CLANG_ENABLE_OBJC_ARC = YES;
				CLANG_ENABLE_OBJC_WEAK = YES;
				CLANG_WARN_BLOCK_CAPTURE_AUTORELEASING = YES;
				CLANG_WARN_BOOL_CONVERSION = YES;
				CLANG_WARN_COMMA = YES;
				CLANG_WARN_CONSTANT_CONVERSION = YES;
				CLANG_WARN_DEPRECATED_OBJC_IMPLEMENTATIONS = YES;
				CLANG_WARN_DIRECT_OBJC_ISA_USAGE = YES_ERROR;
				CLANG_WARN_DOCUMENTATION_COMMENTS = YES;
				CLANG_WARN_EMPTY_BODY = YES;
				CLANG_WARN_ENUM_CONVERSION = YES;
				CLANG_WARN_INFINITE_RECURSION = YES;
				CLANG_WARN_INT_CONVERSION = YES;
				CLANG_WARN_NON_LITERAL_NULL_CONVERSION = YES;
				CLANG_WARN_OBJC_IMPLICIT_RETAIN_SELF = YES;
				CLANG_WARN_OBJC_LITERAL_CONVERSION = YES;
				CLANG_WARN_OBJC_ROOT_CLASS = YES_ERROR;
				CLANG_WARN_QUOTED_INCLUDE_IN_FRAMEWORK_HEADER = YES;
				CLANG_WARN_RANGE_LOOP_ANALYSIS = YES;
				CLANG_WARN_STRICT_PROTOTYPES = YES;
				CLANG_WARN_SUSPICIOUS_MOVE = YES;
				CLANG_WARN_UNGUARDED_AVAILABILITY = YES_AGGRESSIVE;
				CLANG_WARN_UNREACHABLE_CODE = YES;
				CLANG_WARN__DUPLICATE_METHOD_MATCH = YES;
				COPY_PHASE_STRIP = NO;
				DEBUG_INFORMATION_FORMAT = dwarf;
				ENABLE_STRICT_OBJC_MSGSEND = YES;
				ENABLE_TESTABILITY = YES;
				GCC_C_LANGUAGE_STANDARD = gnu11;
				GCC_DYNAMIC_NO_PIC = NO;
				GCC_NO_COMMON_BLOCKS = YES;
				GCC_OPTIMIZATION_LEVEL = 0;
				GCC_PREPROCESSOR_DEFINITIONS = (
					"DEBUG=1",
					"$(inherited)",
				);
				GCC_WARN_64_TO_32_BIT_CONVERSION = YES;
				GCC_WARN_ABOUT_RETURN_TYPE = YES_ERROR;
				GCC_WARN_UNDECLARED_SELECTOR = YES;
				GCC_WARN_UNINITIALIZED_AUTOS = YES_AGGRESSIVE;
				GCC_WARN_UNUSED_FUNCTION = YES;
				GCC_WARN_UNUSED_VARIABLE = YES;
				IPHONEOS_DEPLOYMENT_TARGET = 16.2;
				MTL_ENABLE_DEBUG_INFO = INCLUDE_SOURCE;
				MTL_FAST_MATH = YES;
				ONLY_ACTIVE_ARCH = YES;
				SDKROOT = iphoneos;
				SWIFT_ACTIVE_COMPILATION_CONDITIONS = DEBUG;
				SWIFT_OPTIMIZATION_LEVEL = "-Onone";
			};
			name = Debug;
		};
		1BBFD22829E46E9C00BBEE5F /* Release */ = {
			isa = XCBuildConfiguration;
			buildSettings = {
				ALWAYS_SEARCH_USER_PATHS = NO;
				CLANG_ANALYZER_NONNULL = YES;
				CLANG_ANALYZER_NUMBER_OBJECT_CONVERSION = YES_AGGRESSIVE;
				CLANG_CXX_LANGUAGE_STANDARD = "gnu++20";
				CLANG_ENABLE_MODULES = YES;
				CLANG_ENABLE_OBJC_ARC = YES;
				CLANG_ENABLE_OBJC_WEAK = YES;
				CLANG_WARN_BLOCK_CAPTURE_AUTORELEASING = YES;
				CLANG_WARN_BOOL_CONVERSION = YES;
				CLANG_WARN_COMMA = YES;
				CLANG_WARN_CONSTANT_CONVERSION = YES;
				CLANG_WARN_DEPRECATED_OBJC_IMPLEMENTATIONS = YES;
				CLANG_WARN_DIRECT_OBJC_ISA_USAGE = YES_ERROR;
				CLANG_WARN_DOCUMENTATION_COMMENTS = YES;
				CLANG_WARN_EMPTY_BODY = YES;
				CLANG_WARN_ENUM_CONVERSION = YES;
				CLANG_WARN_INFINITE_RECURSION = YES;
				CLANG_WARN_INT_CONVERSION = YES;
				CLANG_WARN_NON_LITERAL_NULL_CONVERSION = YES;
				CLANG_WARN_OBJC_IMPLICIT_RETAIN_SELF = YES;
				CLANG_WARN_OBJC_LITERAL_CONVERSION = YES;
				CLANG_WARN_OBJC_ROOT_CLASS = YES_ERROR;
				CLANG_WARN_QUOTED_INCLUDE_IN_FRAMEWORK_HEADER = YES;
				CLANG_WARN_RANGE_LOOP_ANALYSIS = YES;
				CLANG_WARN_STRICT_PROTOTYPES = YES;
				CLANG_WARN_SUSPICIOUS_MOVE = YES;
				CLANG_WARN_UNGUARDED_AVAILABILITY = YES_AGGRESSIVE;
				CLANG_WARN_UNREACHABLE_CODE = YES;
				CLANG_WARN__DUPLICATE_METHOD_MATCH = YES;
				COPY_PHASE_STRIP = NO;
				DEBUG_INFORMATION_FORMAT = "dwarf-with-dsym";
				ENABLE_NS_ASSERTIONS = NO;
				ENABLE_STRICT_OBJC_MSGSEND = YES;
				GCC_C_LANGUAGE_STANDARD = gnu11;
				GCC_NO_COMMON_BLOCKS = YES;
				GCC_WARN_64_TO_32_BIT_CONVERSION = YES;
				GCC_WARN_ABOUT_RETURN_TYPE = YES_ERROR;
				GCC_WARN_UNDECLARED_SELECTOR = YES;
				GCC_WARN_UNINITIALIZED_AUTOS = YES_AGGRESSIVE;
				GCC_WARN_UNUSED_FUNCTION = YES;
				GCC_WARN_UNUSED_VARIABLE = YES;
				IPHONEOS_DEPLOYMENT_TARGET = 16.2;
				MTL_ENABLE_DEBUG_INFO = NO;
				MTL_FAST_MATH = YES;
				SDKROOT = iphoneos;
				SWIFT_COMPILATION_MODE = wholemodule;
				SWIFT_OPTIMIZATION_LEVEL = "-O";
				VALIDATE_PRODUCT = YES;
			};
			name = Release;
		};
		1BBFD22A29E46E9C00BBEE5F /* Debug */ = {
			isa = XCBuildConfiguration;
			buildSettings = {
				ASSETCATALOG_COMPILER_APPICON_NAME = AppIcon;
				ASSETCATALOG_COMPILER_GLOBAL_ACCENT_COLOR_NAME = AccentColor;
				CODE_SIGN_STYLE = Automatic;
				CURRENT_PROJECT_VERSION = 1;
				DEVELOPMENT_TEAM = J6CUZWGRA6;
				GENERATE_INFOPLIST_FILE = YES;
				INFOPLIST_FILE = Spotify/Info.plist;
				INFOPLIST_KEY_UIApplicationSupportsIndirectInputEvents = YES;
				INFOPLIST_KEY_UILaunchStoryboardName = LaunchScreen;
				INFOPLIST_KEY_UISupportedInterfaceOrientations_iPad = "UIInterfaceOrientationPortrait UIInterfaceOrientationPortraitUpsideDown UIInterfaceOrientationLandscapeLeft UIInterfaceOrientationLandscapeRight";
				INFOPLIST_KEY_UISupportedInterfaceOrientations_iPhone = "UIInterfaceOrientationPortrait UIInterfaceOrientationLandscapeLeft UIInterfaceOrientationLandscapeRight";
				LD_RUNPATH_SEARCH_PATHS = (
					"$(inherited)",
					"@executable_path/Frameworks",
				);
				MARKETING_VERSION = 1.0;
				PRODUCT_BUNDLE_IDENTIFIER = com.nancy.Spotify;
				PRODUCT_NAME = "$(TARGET_NAME)";
				SWIFT_EMIT_LOC_STRINGS = YES;
				SWIFT_VERSION = 5.0;
				TARGETED_DEVICE_FAMILY = "1,2";
			};
			name = Debug;
		};
		1BBFD22B29E46E9C00BBEE5F /* Release */ = {
			isa = XCBuildConfiguration;
			buildSettings = {
				ASSETCATALOG_COMPILER_APPICON_NAME = AppIcon;
				ASSETCATALOG_COMPILER_GLOBAL_ACCENT_COLOR_NAME = AccentColor;
				CODE_SIGN_STYLE = Automatic;
				CURRENT_PROJECT_VERSION = 1;
				DEVELOPMENT_TEAM = J6CUZWGRA6;
				GENERATE_INFOPLIST_FILE = YES;
				INFOPLIST_FILE = Spotify/Info.plist;
				INFOPLIST_KEY_UIApplicationSupportsIndirectInputEvents = YES;
				INFOPLIST_KEY_UILaunchStoryboardName = LaunchScreen;
				INFOPLIST_KEY_UISupportedInterfaceOrientations_iPad = "UIInterfaceOrientationPortrait UIInterfaceOrientationPortraitUpsideDown UIInterfaceOrientationLandscapeLeft UIInterfaceOrientationLandscapeRight";
				INFOPLIST_KEY_UISupportedInterfaceOrientations_iPhone = "UIInterfaceOrientationPortrait UIInterfaceOrientationLandscapeLeft UIInterfaceOrientationLandscapeRight";
				LD_RUNPATH_SEARCH_PATHS = (
					"$(inherited)",
					"@executable_path/Frameworks",
				);
				MARKETING_VERSION = 1.0;
				PRODUCT_BUNDLE_IDENTIFIER = com.nancy.Spotify;
				PRODUCT_NAME = "$(TARGET_NAME)";
				SWIFT_EMIT_LOC_STRINGS = YES;
				SWIFT_VERSION = 5.0;
				TARGETED_DEVICE_FAMILY = "1,2";
			};
			name = Release;
		};
/* End XCBuildConfiguration section */

/* Begin XCConfigurationList section */
		1BBFD21029E46E9B00BBEE5F /* Build configuration list for PBXProject "Spotify" */ = {
			isa = XCConfigurationList;
			buildConfigurations = (
				1BBFD22729E46E9C00BBEE5F /* Debug */,
				1BBFD22829E46E9C00BBEE5F /* Release */,
			);
			defaultConfigurationIsVisible = 0;
			defaultConfigurationName = Release;
		};
		1BBFD22929E46E9C00BBEE5F /* Build configuration list for PBXNativeTarget "Spotify" */ = {
			isa = XCConfigurationList;
			buildConfigurations = (
				1BBFD22A29E46E9C00BBEE5F /* Debug */,
				1BBFD22B29E46E9C00BBEE5F /* Release */,
			);
			defaultConfigurationIsVisible = 0;
			defaultConfigurationName = Release;
		};
/* End XCConfigurationList section */
	};
	rootObject = 1BBFD20D29E46E9B00BBEE5F /* Project object */;
}
