// !$*UTF8*$!
{
	archiveVersion = 1;
	classes = {
	};
	objectVersion = 56;
	objects = {

/* Begin PBXBuildFile section */
		1B47E8AF29E767B3007D85A8 /* NewReleasesResponse.swift in Sources */ = {isa = PBXBuildFile; fileRef = 1B47E8AE29E767B3007D85A8 /* NewReleasesResponse.swift */; };
		1B47E8B129E76D7C007D85A8 /* APIImage.swift in Sources */ = {isa = PBXBuildFile; fileRef = 1B47E8B029E76D7C007D85A8 /* APIImage.swift */; };
		1B47E8B529E77C13007D85A8 /* FeaturedPlaylistsResponse.swift in Sources */ = {isa = PBXBuildFile; fileRef = 1B47E8B429E77C13007D85A8 /* FeaturedPlaylistsResponse.swift */; };
		1B47E8B929E788AC007D85A8 /* RecommendedGenresResponse.swift in Sources */ = {isa = PBXBuildFile; fileRef = 1B47E8B829E788AC007D85A8 /* RecommendedGenresResponse.swift */; };
		1B872E8729E9D0A300BED948 /* NewReleaseCollectionViewCell.swift in Sources */ = {isa = PBXBuildFile; fileRef = 1B872E8629E9D0A300BED948 /* NewReleaseCollectionViewCell.swift */; };
		1B872E8929E9D0D500BED948 /* FeaturedPlaylistCollectionViewCell.swift in Sources */ = {isa = PBXBuildFile; fileRef = 1B872E8829E9D0D500BED948 /* FeaturedPlaylistCollectionViewCell.swift */; };
		1B872E8B29E9D16700BED948 /* RecommendedTrackCollectionViewCell.swift in Sources */ = {isa = PBXBuildFile; fileRef = 1B872E8A29E9D16700BED948 /* RecommendedTrackCollectionViewCell.swift */; };
		1B94EBFC29E899B00073339A /* RecommendationsResponse.swift in Sources */ = {isa = PBXBuildFile; fileRef = 1B94EBFB29E899B00073339A /* RecommendationsResponse.swift */; };
		1BBD460829E5B4E5005BF3A1 /* AuthResponse.swift in Sources */ = {isa = PBXBuildFile; fileRef = 1BBD460729E5B4E5005BF3A1 /* AuthResponse.swift */; };
		1BBD460A29E60B63005BF3A1 /* HapticsManager.swift in Sources */ = {isa = PBXBuildFile; fileRef = 1BBD460929E60B63005BF3A1 /* HapticsManager.swift */; };
		1BBD460C29E61407005BF3A1 /* SettingsModels.swift in Sources */ = {isa = PBXBuildFile; fileRef = 1BBD460B29E61407005BF3A1 /* SettingsModels.swift */; };
		1BBFD21929E46E9B00BBEE5F /* AppDelegate.swift in Sources */ = {isa = PBXBuildFile; fileRef = 1BBFD21829E46E9B00BBEE5F /* AppDelegate.swift */; };
		1BBFD21B29E46E9B00BBEE5F /* SceneDelegate.swift in Sources */ = {isa = PBXBuildFile; fileRef = 1BBFD21A29E46E9B00BBEE5F /* SceneDelegate.swift */; };
		1BBFD21D29E46E9B00BBEE5F /* HomeViewController.swift in Sources */ = {isa = PBXBuildFile; fileRef = 1BBFD21C29E46E9B00BBEE5F /* HomeViewController.swift */; };
		1BBFD22229E46E9C00BBEE5F /* Assets.xcassets in Resources */ = {isa = PBXBuildFile; fileRef = 1BBFD22129E46E9C00BBEE5F /* Assets.xcassets */; };
		1BBFD22529E46E9C00BBEE5F /* LaunchScreen.storyboard in Resources */ = {isa = PBXBuildFile; fileRef = 1BBFD22329E46E9C00BBEE5F /* LaunchScreen.storyboard */; };
		1BBFD23329E483E700BBEE5F /* TabBarViewController.swift in Sources */ = {isa = PBXBuildFile; fileRef = 1BBFD23229E483E700BBEE5F /* TabBarViewController.swift */; };
		1BBFD23529E4846E00BBEE5F /* SearchViewController.swift in Sources */ = {isa = PBXBuildFile; fileRef = 1BBFD23429E4846E00BBEE5F /* SearchViewController.swift */; };
		1BBFD23729E484B200BBEE5F /* LibraryViewController.swift in Sources */ = {isa = PBXBuildFile; fileRef = 1BBFD23629E484B100BBEE5F /* LibraryViewController.swift */; };
		1BBFD23B29E4853100BBEE5F /* AuthViewController.swift in Sources */ = {isa = PBXBuildFile; fileRef = 1BBFD23A29E4853100BBEE5F /* AuthViewController.swift */; };
		1BBFD23D29E4855C00BBEE5F /* WelcomeViewController.swift in Sources */ = {isa = PBXBuildFile; fileRef = 1BBFD23C29E4855C00BBEE5F /* WelcomeViewController.swift */; };
		1BBFD23F29E4858700BBEE5F /* SettingsViewController.swift in Sources */ = {isa = PBXBuildFile; fileRef = 1BBFD23E29E4858700BBEE5F /* SettingsViewController.swift */; };
		1BBFD24129E485A900BBEE5F /* ProfileViewController.swift in Sources */ = {isa = PBXBuildFile; fileRef = 1BBFD24029E485A900BBEE5F /* ProfileViewController.swift */; };
		1BBFD24329E485CF00BBEE5F /* PlayerViewController.swift in Sources */ = {isa = PBXBuildFile; fileRef = 1BBFD24229E485CF00BBEE5F /* PlayerViewController.swift */; };
		1BBFD24529E485FC00BBEE5F /* PlaylistViewController.swift in Sources */ = {isa = PBXBuildFile; fileRef = 1BBFD24429E485FC00BBEE5F /* PlaylistViewController.swift */; };
		1BBFD24929E4867300BBEE5F /* AuthManager.swift in Sources */ = {isa = PBXBuildFile; fileRef = 1BBFD24829E4867300BBEE5F /* AuthManager.swift */; };
		1BBFD24B29E4869900BBEE5F /* APICaller.swift in Sources */ = {isa = PBXBuildFile; fileRef = 1BBFD24A29E4869900BBEE5F /* APICaller.swift */; };
		1BBFD24D29E4877300BBEE5F /* Playlist.swift in Sources */ = {isa = PBXBuildFile; fileRef = 1BBFD24C29E4877300BBEE5F /* Playlist.swift */; };
		1BBFD24F29E4879300BBEE5F /* AudioTrack.swift in Sources */ = {isa = PBXBuildFile; fileRef = 1BBFD24E29E4879300BBEE5F /* AudioTrack.swift */; };
		1BBFD25129E487B600BBEE5F /* Artist.swift in Sources */ = {isa = PBXBuildFile; fileRef = 1BBFD25029E487B600BBEE5F /* Artist.swift */; };
		1BBFD25329E487D700BBEE5F /* UserProfile.swift in Sources */ = {isa = PBXBuildFile; fileRef = 1BBFD25229E487D700BBEE5F /* UserProfile.swift */; };
		1BBFD25729E4BFEA00BBEE5F /* Extensions.swift in Sources */ = {isa = PBXBuildFile; fileRef = 1BBFD25629E4BFEA00BBEE5F /* Extensions.swift */; };
		26724170DB3B22FD5F905655 /* Pods_Spotify.framework in Frameworks */ = {isa = PBXBuildFile; fileRef = 40F795492E5E399AE63D2937 /* Pods_Spotify.framework */; };
/* End PBXBuildFile section */

/* Begin PBXFileReference section */
		1B47E8AE29E767B3007D85A8 /* NewReleasesResponse.swift */ = {isa = PBXFileReference; lastKnownFileType = sourcecode.swift; path = NewReleasesResponse.swift; sourceTree = "<group>"; };
		1B47E8B029E76D7C007D85A8 /* APIImage.swift */ = {isa = PBXFileReference; lastKnownFileType = sourcecode.swift; path = APIImage.swift; sourceTree = "<group>"; };
		1B47E8B429E77C13007D85A8 /* FeaturedPlaylistsResponse.swift */ = {isa = PBXFileReference; lastKnownFileType = sourcecode.swift; path = FeaturedPlaylistsResponse.swift; sourceTree = "<group>"; };
		1B47E8B829E788AC007D85A8 /* RecommendedGenresResponse.swift */ = {isa = PBXFileReference; lastKnownFileType = sourcecode.swift; path = RecommendedGenresResponse.swift; sourceTree = "<group>"; };
		1B872E8629E9D0A300BED948 /* NewReleaseCollectionViewCell.swift */ = {isa = PBXFileReference; lastKnownFileType = sourcecode.swift; path = NewReleaseCollectionViewCell.swift; sourceTree = "<group>"; };
		1B872E8829E9D0D500BED948 /* FeaturedPlaylistCollectionViewCell.swift */ = {isa = PBXFileReference; lastKnownFileType = sourcecode.swift; path = FeaturedPlaylistCollectionViewCell.swift; sourceTree = "<group>"; };
		1B872E8A29E9D16700BED948 /* RecommendedTrackCollectionViewCell.swift */ = {isa = PBXFileReference; lastKnownFileType = sourcecode.swift; path = RecommendedTrackCollectionViewCell.swift; sourceTree = "<group>"; };
		1B94EBFB29E899B00073339A /* RecommendationsResponse.swift */ = {isa = PBXFileReference; lastKnownFileType = sourcecode.swift; path = RecommendationsResponse.swift; sourceTree = "<group>"; };
		1BBD460729E5B4E5005BF3A1 /* AuthResponse.swift */ = {isa = PBXFileReference; lastKnownFileType = sourcecode.swift; path = AuthResponse.swift; sourceTree = "<group>"; };
		1BBD460929E60B63005BF3A1 /* HapticsManager.swift */ = {isa = PBXFileReference; lastKnownFileType = sourcecode.swift; path = HapticsManager.swift; sourceTree = "<group>"; };
		1BBD460B29E61407005BF3A1 /* SettingsModels.swift */ = {isa = PBXFileReference; lastKnownFileType = sourcecode.swift; path = SettingsModels.swift; sourceTree = "<group>"; };
		1BBFD21529E46E9B00BBEE5F /* Spotify.app */ = {isa = PBXFileReference; explicitFileType = wrapper.application; includeInIndex = 0; path = Spotify.app; sourceTree = BUILT_PRODUCTS_DIR; };
		1BBFD21829E46E9B00BBEE5F /* AppDelegate.swift */ = {isa = PBXFileReference; lastKnownFileType = sourcecode.swift; path = AppDelegate.swift; sourceTree = "<group>"; };
		1BBFD21A29E46E9B00BBEE5F /* SceneDelegate.swift */ = {isa = PBXFileReference; lastKnownFileType = sourcecode.swift; path = SceneDelegate.swift; sourceTree = "<group>"; };
		1BBFD21C29E46E9B00BBEE5F /* HomeViewController.swift */ = {isa = PBXFileReference; lastKnownFileType = sourcecode.swift; path = HomeViewController.swift; sourceTree = "<group>"; };
		1BBFD22129E46E9C00BBEE5F /* Assets.xcassets */ = {isa = PBXFileReference; lastKnownFileType = folder.assetcatalog; path = Assets.xcassets; sourceTree = "<group>"; };
		1BBFD22429E46E9C00BBEE5F /* Base */ = {isa = PBXFileReference; lastKnownFileType = file.storyboard; name = Base; path = Base.lproj/LaunchScreen.storyboard; sourceTree = "<group>"; };
		1BBFD22629E46E9C00BBEE5F /* Info.plist */ = {isa = PBXFileReference; lastKnownFileType = text.plist.xml; path = Info.plist; sourceTree = "<group>"; };
		1BBFD23229E483E700BBEE5F /* TabBarViewController.swift */ = {isa = PBXFileReference; lastKnownFileType = sourcecode.swift; path = TabBarViewController.swift; sourceTree = "<group>"; };
		1BBFD23429E4846E00BBEE5F /* SearchViewController.swift */ = {isa = PBXFileReference; lastKnownFileType = sourcecode.swift; path = SearchViewController.swift; sourceTree = "<group>"; };
		1BBFD23629E484B100BBEE5F /* LibraryViewController.swift */ = {isa = PBXFileReference; lastKnownFileType = sourcecode.swift; path = LibraryViewController.swift; sourceTree = "<group>"; };
		1BBFD23A29E4853100BBEE5F /* AuthViewController.swift */ = {isa = PBXFileReference; lastKnownFileType = sourcecode.swift; path = AuthViewController.swift; sourceTree = "<group>"; };
		1BBFD23C29E4855C00BBEE5F /* WelcomeViewController.swift */ = {isa = PBXFileReference; lastKnownFileType = sourcecode.swift; path = WelcomeViewController.swift; sourceTree = "<group>"; };
		1BBFD23E29E4858700BBEE5F /* SettingsViewController.swift */ = {isa = PBXFileReference; lastKnownFileType = sourcecode.swift; path = SettingsViewController.swift; sourceTree = "<group>"; };
		1BBFD24029E485A900BBEE5F /* ProfileViewController.swift */ = {isa = PBXFileReference; lastKnownFileType = sourcecode.swift; path = ProfileViewController.swift; sourceTree = "<group>"; };
		1BBFD24229E485CF00BBEE5F /* PlayerViewController.swift */ = {isa = PBXFileReference; lastKnownFileType = sourcecode.swift; path = PlayerViewController.swift; sourceTree = "<group>"; };
		1BBFD24429E485FC00BBEE5F /* PlaylistViewController.swift */ = {isa = PBXFileReference; lastKnownFileType = sourcecode.swift; path = PlaylistViewController.swift; sourceTree = "<group>"; };
		1BBFD24829E4867300BBEE5F /* AuthManager.swift */ = {isa = PBXFileReference; lastKnownFileType = sourcecode.swift; path = AuthManager.swift; sourceTree = "<group>"; };
		1BBFD24A29E4869900BBEE5F /* APICaller.swift */ = {isa = PBXFileReference; lastKnownFileType = sourcecode.swift; path = APICaller.swift; sourceTree = "<group>"; };
		1BBFD24C29E4877300BBEE5F /* Playlist.swift */ = {isa = PBXFileReference; lastKnownFileType = sourcecode.swift; path = Playlist.swift; sourceTree = "<group>"; };
		1BBFD24E29E4879300BBEE5F /* AudioTrack.swift */ = {isa = PBXFileReference; lastKnownFileType = sourcecode.swift; path = AudioTrack.swift; sourceTree = "<group>"; };
		1BBFD25029E487B600BBEE5F /* Artist.swift */ = {isa = PBXFileReference; lastKnownFileType = sourcecode.swift; path = Artist.swift; sourceTree = "<group>"; };
		1BBFD25229E487D700BBEE5F /* UserProfile.swift */ = {isa = PBXFileReference; lastKnownFileType = sourcecode.swift; path = UserProfile.swift; sourceTree = "<group>"; };
		1BBFD25629E4BFEA00BBEE5F /* Extensions.swift */ = {isa = PBXFileReference; lastKnownFileType = sourcecode.swift; path = Extensions.swift; sourceTree = "<group>"; };
		40F795492E5E399AE63D2937 /* Pods_Spotify.framework */ = {isa = PBXFileReference; explicitFileType = wrapper.framework; includeInIndex = 0; path = Pods_Spotify.framework; sourceTree = BUILT_PRODUCTS_DIR; };
		571CCC14AB65B6BEE0A0D0E7 /* Pods-Spotify.release.xcconfig */ = {isa = PBXFileReference; includeInIndex = 1; lastKnownFileType = text.xcconfig; name = "Pods-Spotify.release.xcconfig"; path = "Target Support Files/Pods-Spotify/Pods-Spotify.release.xcconfig"; sourceTree = "<group>"; };
		FC63038CD3FD31D417E56089 /* Pods-Spotify.debug.xcconfig */ = {isa = PBXFileReference; includeInIndex = 1; lastKnownFileType = text.xcconfig; name = "Pods-Spotify.debug.xcconfig"; path = "Target Support Files/Pods-Spotify/Pods-Spotify.debug.xcconfig"; sourceTree = "<group>"; };
/* End PBXFileReference section */

/* Begin PBXFrameworksBuildPhase section */
		1BBFD21229E46E9B00BBEE5F /* Frameworks */ = {
			isa = PBXFrameworksBuildPhase;
			buildActionMask = 2147483647;
			files = (
				26724170DB3B22FD5F905655 /* Pods_Spotify.framework in Frameworks */,
			);
			runOnlyForDeploymentPostprocessing = 0;
		};
/* End PBXFrameworksBuildPhase section */

/* Begin PBXGroup section */
		1B872E8529E9CFEB00BED948 /* Browse */ = {
			isa = PBXGroup;
			children = (
				1B872E8629E9D0A300BED948 /* NewReleaseCollectionViewCell.swift */,
				1B872E8829E9D0D500BED948 /* FeaturedPlaylistCollectionViewCell.swift */,
				1B872E8A29E9D16700BED948 /* RecommendedTrackCollectionViewCell.swift */,
			);
			path = Browse;
			sourceTree = "<group>";
		};
		1BBFD20C29E46E9B00BBEE5F = {
			isa = PBXGroup;
			children = (
				1BBFD21729E46E9B00BBEE5F /* Spotify */,
				1BBFD21629E46E9B00BBEE5F /* Products */,
				6820C0B1AAEBF16308D2DB2A /* Pods */,
				C19909ED62DDC76079A96EEF /* Frameworks */,
			);
			sourceTree = "<group>";
		};
		1BBFD21629E46E9B00BBEE5F /* Products */ = {
			isa = PBXGroup;
			children = (
				1BBFD21529E46E9B00BBEE5F /* Spotify.app */,
			);
			name = Products;
			sourceTree = "<group>";
		};
		1BBFD21729E46E9B00BBEE5F /* Spotify */ = {
			isa = PBXGroup;
			children = (
				1BBFD23129E46F9E00BBEE5F /* Resources */,
				1BBFD23029E46F7D00BBEE5F /* Managers */,
				1BBFD22F29E46F6000BBEE5F /* ViewModels */,
				1BBFD22E29E46F0300BBEE5F /* Models */,
				1BBFD22D29E46EFA00BBEE5F /* Views */,
				1BBFD22C29E46EE600BBEE5F /* Controllers */,
				1BBFD22629E46E9C00BBEE5F /* Info.plist */,
			);
			path = Spotify;
			sourceTree = "<group>";
		};
		1BBFD22C29E46EE600BBEE5F /* Controllers */ = {
			isa = PBXGroup;
			children = (
				1BBFD23929E484FA00BBEE5F /* Other */,
				1BBFD23829E484DD00BBEE5F /* Core */,
			);
			path = Controllers;
			sourceTree = "<group>";
		};
		1BBFD22D29E46EFA00BBEE5F /* Views */ = {
			isa = PBXGroup;
			children = (
				1B872E8529E9CFEB00BED948 /* Browse */,
				1BBFD22329E46E9C00BBEE5F /* LaunchScreen.storyboard */,
			);
			path = Views;
			sourceTree = "<group>";
		};
		1BBFD22E29E46F0300BBEE5F /* Models */ = {
			isa = PBXGroup;
			children = (
				1BBFD24C29E4877300BBEE5F /* Playlist.swift */,
				1BBFD24E29E4879300BBEE5F /* AudioTrack.swift */,
				1BBFD25029E487B600BBEE5F /* Artist.swift */,
				1BBFD25229E487D700BBEE5F /* UserProfile.swift */,
				1BBD460729E5B4E5005BF3A1 /* AuthResponse.swift */,
				1BBD460B29E61407005BF3A1 /* SettingsModels.swift */,
				1B47E8AE29E767B3007D85A8 /* NewReleasesResponse.swift */,
				1B47E8B029E76D7C007D85A8 /* APIImage.swift */,
				1B47E8B429E77C13007D85A8 /* FeaturedPlaylistsResponse.swift */,
				1B47E8B829E788AC007D85A8 /* RecommendedGenresResponse.swift */,
				1B94EBFB29E899B00073339A /* RecommendationsResponse.swift */,
			);
			path = Models;
			sourceTree = "<group>";
		};
		1BBFD22F29E46F6000BBEE5F /* ViewModels */ = {
			isa = PBXGroup;
			children = (
			);
			path = ViewModels;
			sourceTree = "<group>";
		};
		1BBFD23029E46F7D00BBEE5F /* Managers */ = {
			isa = PBXGroup;
			children = (
				1BBFD24829E4867300BBEE5F /* AuthManager.swift */,
				1BBFD24A29E4869900BBEE5F /* APICaller.swift */,
				1BBD460929E60B63005BF3A1 /* HapticsManager.swift */,
			);
			path = Managers;
			sourceTree = "<group>";
		};
		1BBFD23129E46F9E00BBEE5F /* Resources */ = {
			isa = PBXGroup;
			children = (
				1BBFD22129E46E9C00BBEE5F /* Assets.xcassets */,
				1BBFD21829E46E9B00BBEE5F /* AppDelegate.swift */,
				1BBFD21A29E46E9B00BBEE5F /* SceneDelegate.swift */,
				1BBFD25629E4BFEA00BBEE5F /* Extensions.swift */,
			);
			path = Resources;
			sourceTree = "<group>";
		};
		1BBFD23829E484DD00BBEE5F /* Core */ = {
			isa = PBXGroup;
			children = (
				1BBFD21C29E46E9B00BBEE5F /* HomeViewController.swift */,
				1BBFD23229E483E700BBEE5F /* TabBarViewController.swift */,
				1BBFD23429E4846E00BBEE5F /* SearchViewController.swift */,
				1BBFD23629E484B100BBEE5F /* LibraryViewController.swift */,
			);
			path = Core;
			sourceTree = "<group>";
		};
		1BBFD23929E484FA00BBEE5F /* Other */ = {
			isa = PBXGroup;
			children = (
				1BBFD23A29E4853100BBEE5F /* AuthViewController.swift */,
				1BBFD23C29E4855C00BBEE5F /* WelcomeViewController.swift */,
				1BBFD23E29E4858700BBEE5F /* SettingsViewController.swift */,
				1BBFD24029E485A900BBEE5F /* ProfileViewController.swift */,
				1BBFD24229E485CF00BBEE5F /* PlayerViewController.swift */,
				1BBFD24429E485FC00BBEE5F /* PlaylistViewController.swift */,
			);
			path = Other;
			sourceTree = "<group>";
		};
		6820C0B1AAEBF16308D2DB2A /* Pods */ = {
			isa = PBXGroup;
			children = (
				FC63038CD3FD31D417E56089 /* Pods-Spotify.debug.xcconfig */,
				571CCC14AB65B6BEE0A0D0E7 /* Pods-Spotify.release.xcconfig */,
			);
			path = Pods;
			sourceTree = "<group>";
		};
		C19909ED62DDC76079A96EEF /* Frameworks */ = {
			isa = PBXGroup;
			children = (
				40F795492E5E399AE63D2937 /* Pods_Spotify.framework */,
			);
			name = Frameworks;
			sourceTree = "<group>";
		};
/* End PBXGroup section */

/* Begin PBXNativeTarget section */
		1BBFD21429E46E9B00BBEE5F /* Spotify */ = {
			isa = PBXNativeTarget;
			buildConfigurationList = 1BBFD22929E46E9C00BBEE5F /* Build configuration list for PBXNativeTarget "Spotify" */;
			buildPhases = (
				463E2293E81DE17C57ACAA17 /* [CP] Check Pods Manifest.lock */,
				1BBFD21129E46E9B00BBEE5F /* Sources */,
				1BBFD21229E46E9B00BBEE5F /* Frameworks */,
				1BBFD21329E46E9B00BBEE5F /* Resources */,
				A2AA9B859EDFD27EF6927B18 /* [CP] Embed Pods Frameworks */,
			);
			buildRules = (
			);
			dependencies = (
			);
			name = Spotify;
			productName = Spotify;
			productReference = 1BBFD21529E46E9B00BBEE5F /* Spotify.app */;
			productType = "com.apple.product-type.application";
		};
/* End PBXNativeTarget section */

/* Begin PBXProject section */
		1BBFD20D29E46E9B00BBEE5F /* Project object */ = {
			isa = PBXProject;
			attributes = {
				BuildIndependentTargetsInParallel = 1;
				LastSwiftUpdateCheck = 1420;
				LastUpgradeCheck = 1420;
				TargetAttributes = {
					1BBFD21429E46E9B00BBEE5F = {
						CreatedOnToolsVersion = 14.2;
					};
				};
			};
			buildConfigurationList = 1BBFD21029E46E9B00BBEE5F /* Build configuration list for PBXProject "Spotify" */;
			compatibilityVersion = "Xcode 14.0";
			developmentRegion = en;
			hasScannedForEncodings = 0;
			knownRegions = (
				en,
				Base,
			);
			mainGroup = 1BBFD20C29E46E9B00BBEE5F;
			productRefGroup = 1BBFD21629E46E9B00BBEE5F /* Products */;
			projectDirPath = "";
			projectRoot = "";
			targets = (
				1BBFD21429E46E9B00BBEE5F /* Spotify */,
			);
		};
/* End PBXProject section */

/* Begin PBXResourcesBuildPhase section */
		1BBFD21329E46E9B00BBEE5F /* Resources */ = {
			isa = PBXResourcesBuildPhase;
			buildActionMask = 2147483647;
			files = (
				1BBFD22529E46E9C00BBEE5F /* LaunchScreen.storyboard in Resources */,
				1BBFD22229E46E9C00BBEE5F /* Assets.xcassets in Resources */,
			);
			runOnlyForDeploymentPostprocessing = 0;
		};
/* End PBXResourcesBuildPhase section */

/* Begin PBXShellScriptBuildPhase section */
		463E2293E81DE17C57ACAA17 /* [CP] Check Pods Manifest.lock */ = {
			isa = PBXShellScriptBuildPhase;
			buildActionMask = 2147483647;
			files = (
			);
			inputFileListPaths = (
			);
			inputPaths = (
				"${PODS_PODFILE_DIR_PATH}/Podfile.lock",
				"${PODS_ROOT}/Manifest.lock",
			);
			name = "[CP] Check Pods Manifest.lock";
			outputFileListPaths = (
			);
			outputPaths = (
				"$(DERIVED_FILE_DIR)/Pods-Spotify-checkManifestLockResult.txt",
			);
			runOnlyForDeploymentPostprocessing = 0;
			shellPath = /bin/sh;
			shellScript = "diff \"${PODS_PODFILE_DIR_PATH}/Podfile.lock\" \"${PODS_ROOT}/Manifest.lock\" > /dev/null\nif [ $? != 0 ] ; then\n    # print error to STDERR\n    echo \"error: The sandbox is not in sync with the Podfile.lock. Run 'pod install' or update your CocoaPods installation.\" >&2\n    exit 1\nfi\n# This output is used by Xcode 'outputs' to avoid re-running this script phase.\necho \"SUCCESS\" > \"${SCRIPT_OUTPUT_FILE_0}\"\n";
			showEnvVarsInLog = 0;
		};
		A2AA9B859EDFD27EF6927B18 /* [CP] Embed Pods Frameworks */ = {
			isa = PBXShellScriptBuildPhase;
			buildActionMask = 2147483647;
			files = (
			);
			inputFileListPaths = (
				"${PODS_ROOT}/Target Support Files/Pods-Spotify/Pods-Spotify-frameworks-${CONFIGURATION}-input-files.xcfilelist",
			);
			name = "[CP] Embed Pods Frameworks";
			outputFileListPaths = (
				"${PODS_ROOT}/Target Support Files/Pods-Spotify/Pods-Spotify-frameworks-${CONFIGURATION}-output-files.xcfilelist",
			);
			runOnlyForDeploymentPostprocessing = 0;
			shellPath = /bin/sh;
			shellScript = "\"${PODS_ROOT}/Target Support Files/Pods-Spotify/Pods-Spotify-frameworks.sh\"\n";
			showEnvVarsInLog = 0;
		};
/* End PBXShellScriptBuildPhase section */

/* Begin PBXSourcesBuildPhase section */
		1BBFD21129E46E9B00BBEE5F /* Sources */ = {
			isa = PBXSourcesBuildPhase;
			buildActionMask = 2147483647;
			files = (
				1BBFD23529E4846E00BBEE5F /* SearchViewController.swift in Sources */,
				1BBFD24929E4867300BBEE5F /* AuthManager.swift in Sources */,
				1B872E8B29E9D16700BED948 /* RecommendedTrackCollectionViewCell.swift in Sources */,
				1BBFD23D29E4855C00BBEE5F /* WelcomeViewController.swift in Sources */,
				1BBFD24129E485A900BBEE5F /* ProfileViewController.swift in Sources */,
				1BBFD23329E483E700BBEE5F /* TabBarViewController.swift in Sources */,
				1BBFD21D29E46E9B00BBEE5F /* HomeViewController.swift in Sources */,
				1BBFD23B29E4853100BBEE5F /* AuthViewController.swift in Sources */,
				1BBFD25729E4BFEA00BBEE5F /* Extensions.swift in Sources */,
				1BBD460C29E61407005BF3A1 /* SettingsModels.swift in Sources */,
				1BBFD24F29E4879300BBEE5F /* AudioTrack.swift in Sources */,
				1BBD460A29E60B63005BF3A1 /* HapticsManager.swift in Sources */,
				1BBFD21929E46E9B00BBEE5F /* AppDelegate.swift in Sources */,
				1BBFD23729E484B200BBEE5F /* LibraryViewController.swift in Sources */,
				1BBFD24529E485FC00BBEE5F /* PlaylistViewController.swift in Sources */,
				1B47E8B929E788AC007D85A8 /* RecommendedGenresResponse.swift in Sources */,
				1BBFD25129E487B600BBEE5F /* Artist.swift in Sources */,
				1BBFD24D29E4877300BBEE5F /* Playlist.swift in Sources */,
				1B94EBFC29E899B00073339A /* RecommendationsResponse.swift in Sources */,
				1BBFD25329E487D700BBEE5F /* UserProfile.swift in Sources */,
				1BBFD21B29E46E9B00BBEE5F /* SceneDelegate.swift in Sources */,
				1BBFD24329E485CF00BBEE5F /* PlayerViewController.swift in Sources */,
				1BBFD24B29E4869900BBEE5F /* APICaller.swift in Sources */,
				1B872E8929E9D0D500BED948 /* FeaturedPlaylistCollectionViewCell.swift in Sources */,
				1B47E8B129E76D7C007D85A8 /* APIImage.swift in Sources */,
				1B872E8729E9D0A300BED948 /* NewReleaseCollectionViewCell.swift in Sources */,
				1BBD460829E5B4E5005BF3A1 /* AuthResponse.swift in Sources */,
				1B47E8B529E77C13007D85A8 /* FeaturedPlaylistsResponse.swift in Sources */,
				1B47E8AF29E767B3007D85A8 /* NewReleasesResponse.swift in Sources */,
				1BBFD23F29E4858700BBEE5F /* SettingsViewController.swift in Sources */,
			);
			runOnlyForDeploymentPostprocessing = 0;
		};
/* End PBXSourcesBuildPhase section */

/* Begin PBXVariantGroup section */
		1BBFD22329E46E9C00BBEE5F /* LaunchScreen.storyboard */ = {
			isa = PBXVariantGroup;
			children = (
				1BBFD22429E46E9C00BBEE5F /* Base */,
			);
			name = LaunchScreen.storyboard;
			sourceTree = "<group>";
		};
/* End PBXVariantGroup section */

/* Begin XCBuildConfiguration section */
		1BBFD22729E46E9C00BBEE5F /* Debug */ = {
			isa = XCBuildConfiguration;
			buildSettings = {
				ALWAYS_SEARCH_USER_PATHS = NO;
				CLANG_ANALYZER_NONNULL = YES;
				CLANG_ANALYZER_NUMBER_OBJECT_CONVERSION = YES_AGGRESSIVE;
				CLANG_CXX_LANGUAGE_STANDARD = "gnu++20";
				CLANG_ENABLE_MODULES = YES;
				CLANG_ENABLE_OBJC_ARC = YES;
				CLANG_ENABLE_OBJC_WEAK = YES;
				CLANG_WARN_BLOCK_CAPTURE_AUTORELEASING = YES;
				CLANG_WARN_BOOL_CONVERSION = YES;
				CLANG_WARN_COMMA = YES;
				CLANG_WARN_CONSTANT_CONVERSION = YES;
				CLANG_WARN_DEPRECATED_OBJC_IMPLEMENTATIONS = YES;
				CLANG_WARN_DIRECT_OBJC_ISA_USAGE = YES_ERROR;
				CLANG_WARN_DOCUMENTATION_COMMENTS = YES;
				CLANG_WARN_EMPTY_BODY = YES;
				CLANG_WARN_ENUM_CONVERSION = YES;
				CLANG_WARN_INFINITE_RECURSION = YES;
				CLANG_WARN_INT_CONVERSION = YES;
				CLANG_WARN_NON_LITERAL_NULL_CONVERSION = YES;
				CLANG_WARN_OBJC_IMPLICIT_RETAIN_SELF = YES;
				CLANG_WARN_OBJC_LITERAL_CONVERSION = YES;
				CLANG_WARN_OBJC_ROOT_CLASS = YES_ERROR;
				CLANG_WARN_QUOTED_INCLUDE_IN_FRAMEWORK_HEADER = YES;
				CLANG_WARN_RANGE_LOOP_ANALYSIS = YES;
				CLANG_WARN_STRICT_PROTOTYPES = YES;
				CLANG_WARN_SUSPICIOUS_MOVE = YES;
				CLANG_WARN_UNGUARDED_AVAILABILITY = YES_AGGRESSIVE;
				CLANG_WARN_UNREACHABLE_CODE = YES;
				CLANG_WARN__DUPLICATE_METHOD_MATCH = YES;
				COPY_PHASE_STRIP = NO;
				DEBUG_INFORMATION_FORMAT = dwarf;
				ENABLE_STRICT_OBJC_MSGSEND = YES;
				ENABLE_TESTABILITY = YES;
				GCC_C_LANGUAGE_STANDARD = gnu11;
				GCC_DYNAMIC_NO_PIC = NO;
				GCC_NO_COMMON_BLOCKS = YES;
				GCC_OPTIMIZATION_LEVEL = 0;
				GCC_PREPROCESSOR_DEFINITIONS = (
					"DEBUG=1",
					"$(inherited)",
				);
				GCC_WARN_64_TO_32_BIT_CONVERSION = YES;
				GCC_WARN_ABOUT_RETURN_TYPE = YES_ERROR;
				GCC_WARN_UNDECLARED_SELECTOR = YES;
				GCC_WARN_UNINITIALIZED_AUTOS = YES_AGGRESSIVE;
				GCC_WARN_UNUSED_FUNCTION = YES;
				GCC_WARN_UNUSED_VARIABLE = YES;
				IPHONEOS_DEPLOYMENT_TARGET = 16.2;
				MTL_ENABLE_DEBUG_INFO = INCLUDE_SOURCE;
				MTL_FAST_MATH = YES;
				ONLY_ACTIVE_ARCH = YES;
				SDKROOT = iphoneos;
				SWIFT_ACTIVE_COMPILATION_CONDITIONS = DEBUG;
				SWIFT_OPTIMIZATION_LEVEL = "-Onone";
			};
			name = Debug;
		};
		1BBFD22829E46E9C00BBEE5F /* Release */ = {
			isa = XCBuildConfiguration;
			buildSettings = {
				ALWAYS_SEARCH_USER_PATHS = NO;
				CLANG_ANALYZER_NONNULL = YES;
				CLANG_ANALYZER_NUMBER_OBJECT_CONVERSION = YES_AGGRESSIVE;
				CLANG_CXX_LANGUAGE_STANDARD = "gnu++20";
				CLANG_ENABLE_MODULES = YES;
				CLANG_ENABLE_OBJC_ARC = YES;
				CLANG_ENABLE_OBJC_WEAK = YES;
				CLANG_WARN_BLOCK_CAPTURE_AUTORELEASING = YES;
				CLANG_WARN_BOOL_CONVERSION = YES;
				CLANG_WARN_COMMA = YES;
				CLANG_WARN_CONSTANT_CONVERSION = YES;
				CLANG_WARN_DEPRECATED_OBJC_IMPLEMENTATIONS = YES;
				CLANG_WARN_DIRECT_OBJC_ISA_USAGE = YES_ERROR;
				CLANG_WARN_DOCUMENTATION_COMMENTS = YES;
				CLANG_WARN_EMPTY_BODY = YES;
				CLANG_WARN_ENUM_CONVERSION = YES;
				CLANG_WARN_INFINITE_RECURSION = YES;
				CLANG_WARN_INT_CONVERSION = YES;
				CLANG_WARN_NON_LITERAL_NULL_CONVERSION = YES;
				CLANG_WARN_OBJC_IMPLICIT_RETAIN_SELF = YES;
				CLANG_WARN_OBJC_LITERAL_CONVERSION = YES;
				CLANG_WARN_OBJC_ROOT_CLASS = YES_ERROR;
				CLANG_WARN_QUOTED_INCLUDE_IN_FRAMEWORK_HEADER = YES;
				CLANG_WARN_RANGE_LOOP_ANALYSIS = YES;
				CLANG_WARN_STRICT_PROTOTYPES = YES;
				CLANG_WARN_SUSPICIOUS_MOVE = YES;
				CLANG_WARN_UNGUARDED_AVAILABILITY = YES_AGGRESSIVE;
				CLANG_WARN_UNREACHABLE_CODE = YES;
				CLANG_WARN__DUPLICATE_METHOD_MATCH = YES;
				COPY_PHASE_STRIP = NO;
				DEBUG_INFORMATION_FORMAT = "dwarf-with-dsym";
				ENABLE_NS_ASSERTIONS = NO;
				ENABLE_STRICT_OBJC_MSGSEND = YES;
				GCC_C_LANGUAGE_STANDARD = gnu11;
				GCC_NO_COMMON_BLOCKS = YES;
				GCC_WARN_64_TO_32_BIT_CONVERSION = YES;
				GCC_WARN_ABOUT_RETURN_TYPE = YES_ERROR;
				GCC_WARN_UNDECLARED_SELECTOR = YES;
				GCC_WARN_UNINITIALIZED_AUTOS = YES_AGGRESSIVE;
				GCC_WARN_UNUSED_FUNCTION = YES;
				GCC_WARN_UNUSED_VARIABLE = YES;
				IPHONEOS_DEPLOYMENT_TARGET = 16.2;
				MTL_ENABLE_DEBUG_INFO = NO;
				MTL_FAST_MATH = YES;
				SDKROOT = iphoneos;
				SWIFT_COMPILATION_MODE = wholemodule;
				SWIFT_OPTIMIZATION_LEVEL = "-O";
				VALIDATE_PRODUCT = YES;
			};
			name = Release;
		};
		1BBFD22A29E46E9C00BBEE5F /* Debug */ = {
			isa = XCBuildConfiguration;
			baseConfigurationReference = FC63038CD3FD31D417E56089 /* Pods-Spotify.debug.xcconfig */;
			buildSettings = {
				ASSETCATALOG_COMPILER_APPICON_NAME = AppIcon;
				ASSETCATALOG_COMPILER_GLOBAL_ACCENT_COLOR_NAME = AccentColor;
				CODE_SIGN_STYLE = Automatic;
				CURRENT_PROJECT_VERSION = 1;
				DEVELOPMENT_TEAM = J6CUZWGRA6;
				GENERATE_INFOPLIST_FILE = YES;
				INFOPLIST_FILE = Spotify/Info.plist;
				INFOPLIST_KEY_UIApplicationSupportsIndirectInputEvents = YES;
				INFOPLIST_KEY_UILaunchStoryboardName = LaunchScreen;
				INFOPLIST_KEY_UISupportedInterfaceOrientations_iPad = "UIInterfaceOrientationPortrait UIInterfaceOrientationPortraitUpsideDown UIInterfaceOrientationLandscapeLeft UIInterfaceOrientationLandscapeRight";
				INFOPLIST_KEY_UISupportedInterfaceOrientations_iPhone = "UIInterfaceOrientationPortrait UIInterfaceOrientationLandscapeLeft UIInterfaceOrientationLandscapeRight";
				LD_RUNPATH_SEARCH_PATHS = (
					"$(inherited)",
					"@executable_path/Frameworks",
				);
				MARKETING_VERSION = 1.0;
				PRODUCT_BUNDLE_IDENTIFIER = com.nancy.Spotify;
				PRODUCT_NAME = "$(TARGET_NAME)";
				SWIFT_EMIT_LOC_STRINGS = YES;
				SWIFT_VERSION = 5.0;
				TARGETED_DEVICE_FAMILY = "1,2";
			};
			name = Debug;
		};
		1BBFD22B29E46E9C00BBEE5F /* Release */ = {
			isa = XCBuildConfiguration;
			baseConfigurationReference = 571CCC14AB65B6BEE0A0D0E7 /* Pods-Spotify.release.xcconfig */;
			buildSettings = {
				ASSETCATALOG_COMPILER_APPICON_NAME = AppIcon;
				ASSETCATALOG_COMPILER_GLOBAL_ACCENT_COLOR_NAME = AccentColor;
				CODE_SIGN_STYLE = Automatic;
				CURRENT_PROJECT_VERSION = 1;
				DEVELOPMENT_TEAM = J6CUZWGRA6;
				GENERATE_INFOPLIST_FILE = YES;
				INFOPLIST_FILE = Spotify/Info.plist;
				INFOPLIST_KEY_UIApplicationSupportsIndirectInputEvents = YES;
				INFOPLIST_KEY_UILaunchStoryboardName = LaunchScreen;
				INFOPLIST_KEY_UISupportedInterfaceOrientations_iPad = "UIInterfaceOrientationPortrait UIInterfaceOrientationPortraitUpsideDown UIInterfaceOrientationLandscapeLeft UIInterfaceOrientationLandscapeRight";
				INFOPLIST_KEY_UISupportedInterfaceOrientations_iPhone = "UIInterfaceOrientationPortrait UIInterfaceOrientationLandscapeLeft UIInterfaceOrientationLandscapeRight";
				LD_RUNPATH_SEARCH_PATHS = (
					"$(inherited)",
					"@executable_path/Frameworks",
				);
				MARKETING_VERSION = 1.0;
				PRODUCT_BUNDLE_IDENTIFIER = com.nancy.Spotify;
				PRODUCT_NAME = "$(TARGET_NAME)";
				SWIFT_EMIT_LOC_STRINGS = YES;
				SWIFT_VERSION = 5.0;
				TARGETED_DEVICE_FAMILY = "1,2";
			};
			name = Release;
		};
/* End XCBuildConfiguration section */

/* Begin XCConfigurationList section */
		1BBFD21029E46E9B00BBEE5F /* Build configuration list for PBXProject "Spotify" */ = {
			isa = XCConfigurationList;
			buildConfigurations = (
				1BBFD22729E46E9C00BBEE5F /* Debug */,
				1BBFD22829E46E9C00BBEE5F /* Release */,
			);
			defaultConfigurationIsVisible = 0;
			defaultConfigurationName = Release;
		};
		1BBFD22929E46E9C00BBEE5F /* Build configuration list for PBXNativeTarget "Spotify" */ = {
			isa = XCConfigurationList;
			buildConfigurations = (
				1BBFD22A29E46E9C00BBEE5F /* Debug */,
				1BBFD22B29E46E9C00BBEE5F /* Release */,
			);
			defaultConfigurationIsVisible = 0;
			defaultConfigurationName = Release;
		};
/* End XCConfigurationList section */
	};
	rootObject = 1BBFD20D29E46E9B00BBEE5F /* Project object */;
}
